
Microsoft Visual Studio Solution File, Format Version 12.00
# Visual Studio 14
VisualStudioVersion = 14.0.25420.1
MinimumVisualStudioVersion = 10.0.40219.1
Project("{FAE04EC0-301F-11D3-BF4B-00C04F79EFBC}") = "Login.Web", "Login.Web\Login.Web.csproj", "{E2582C53-4E29-4C34-8B0A-AEA62383575A}"
EndProject
Project("{FAE04EC0-301F-11D3-BF4B-00C04F79EFBC}") = "Login.Infraestructure", "Login.Infraestructure\Login.Infraestructure.csproj", "{509EFEDF-1C91-4028-A93C-66085C388FD7}"
EndProject
Project("{FAE04EC0-301F-11D3-BF4B-00C04F79EFBC}") = "Login.Entities", "Login.Entities\Login.Entities.csproj", "{A771E355-6090-4EF0-AADB-34AEBE388B69}"
EndProject
Global
	GlobalSection(SolutionConfigurationPlatforms) = preSolution
		Debug|Any CPU = Debug|Any CPU
		Release|Any CPU = Release|Any CPU
	EndGlobalSection
	GlobalSection(ProjectConfigurationPlatforms) = postSolution
		{E2582C53-4E29-4C34-8B0A-AEA62383575A}.Debug|Any CPU.ActiveCfg = Debug|Any CPU
		{E2582C53-4E29-4C34-8B0A-AEA62383575A}.Debug|Any CPU.Build.0 = Debug|Any CPU
		{E2582C53-4E29-4C34-8B0A-AEA62383575A}.Release|Any CPU.ActiveCfg = Release|Any CPU
		{E2582C53-4E29-4C34-8B0A-AEA62383575A}.Release|Any CPU.Build.0 = Release|Any CPU
		{509EFEDF-1C91-4028-A93C-66085C388FD7}.Debug|Any CPU.ActiveCfg = Debug|Any CPU
		{509EFEDF-1C91-4028-A93C-66085C388FD7}.Debug|Any CPU.Build.0 = Debug|Any CPU
		{509EFEDF-1C91-4028-A93C-66085C388FD7}.Release|Any CPU.ActiveCfg = Release|Any CPU
		{509EFEDF-1C91-4028-A93C-66085C388FD7}.Release|Any CPU.Build.0 = Release|Any CPU
		{A771E355-6090-4EF0-AADB-34AEBE388B69}.Debug|Any CPU.ActiveCfg = Debug|Any CPU
		{A771E355-6090-4EF0-AADB-34AEBE388B69}.Debug|Any CPU.Build.0 = Debug|Any CPU
		{A771E355-6090-4EF0-AADB-34AEBE388B69}.Release|Any CPU.ActiveCfg = Release|Any CPU
		{A771E355-6090-4EF0-AADB-34AEBE388B69}.Release|Any CPU.Build.0 = Release|Any CPU
	EndGlobalSection
	GlobalSection(SolutionProperties) = preSolution
		HideSolutionNode = FALSE
	EndGlobalSection
EndGlobal
